
Microsoft Visual Studio Solution File, Format Version 12.00
# Visual Studio Version 17
VisualStudioVersion = 17.14.36414.22
MinimumVisualStudioVersion = 10.0.40219.1
Project("{FAE04EC0-301F-11D3-BF4B-00C04F79EFBC}") = "BenSite", "BenSite\BenSite.csproj", "{20BC8DFA-9BB3-457C-8191-197D2552A677}"
EndProject
Global
	GlobalSection(SolutionConfigurationPlatforms) = preSolution
		Debug|Any CPU = Debug|Any CPU
		Release|Any CPU = Release|Any CPU
	EndGlobalSection
	GlobalSection(ProjectConfigurationPlatforms) = postSolution
		{20BC8DFA-9BB3-457C-8191-197D2552A677}.Debug|Any CPU.ActiveCfg = Debug|Any CPU
		{20BC8DFA-9BB3-457C-8191-197D2552A677}.Debug|Any CPU.Build.0 = Debug|Any CPU
		{20BC8DFA-9BB3-457C-8191-197D2552A677}.Release|Any CPU.ActiveCfg = Release|Any CPU
		{20BC8DFA-9BB3-457C-8191-197D2552A677}.Release|Any CPU.Build.0 = Release|Any CPU
	EndGlobalSection
	GlobalSection(SolutionProperties) = preSolution
		HideSolutionNode = FALSE
	EndGlobalSection
	GlobalSection(ExtensibilityGlobals) = postSolution
		SolutionGuid = {593BF10D-3DE1-458F-B05C-A7503EB7199A}
	EndGlobalSection
EndGlobal
